PODS:
  - device_info_plus (0.0.1):
    - Flutter
  - Flutter (1.0.0)
  - location (0.0.1):
    - Flutter
  - path_provider_foundation (0.0.1):
    - Flutter
    - FlutterMacOS
  - VietMap (1.2.0)
  - vietmap_flutter_gl (0.0.2):
    - Flutter
    - VietMap (= 1.2.0)

DEPENDENCIES:
  - device_info_plus (from `.symlinks/plugins/device_info_plus/ios`)
  - Flutter (from `Flutter`)
  - location (from `.symlinks/plugins/location/ios`)
  - path_provider_foundation (from `.symlinks/plugins/path_provider_foundation/darwin`)
  - vietmap_flutter_gl (from `.symlinks/plugins/vietmap_flutter_gl/ios`)

SPEC REPOS:
  trunk:
    - VietMap

EXTERNAL SOURCES:
  device_info_plus:
    :path: ".symlinks/plugins/device_info_plus/ios"
  Flutter:
    :path: Flutter
  location:
    :path: ".symlinks/plugins/location/ios"
  path_provider_foundation:
    :path: ".symlinks/plugins/path_provider_foundation/darwin"
  vietmap_flutter_gl:
    :path: ".symlinks/plugins/vietmap_flutter_gl/ios"

SPEC CHECKSUMS:
  device_info_plus: e5c5da33f982a436e103237c0c85f9031142abed
  Flutter: e0871f40cf51350855a761d2e70bf5af5b9b5de7
  location: d5cf8598915965547c3f36761ae9cc4f4e87d22e
  path_provider_foundation: 3784922295ac71e43754bd15e0653ccfd36a147c
  VietMap: a147ccecc4132376c657793af9834b565c85a22a
  vietmap_flutter_gl: b78d7024a8293a79f4744e19de7767aa4f7adb50

PODFILE CHECKSUM: fb35a55c3887be0f8217d086075a5df33db202c0

COCOAPODS: 1.15.2
