PODS:
  - device_info_plus (0.0.1):
    - Flutter
  - Flutter (1.0.0)
  - location (0.0.1):
    - Flutter
  - path_provider_foundation (0.0.1):
    - Flutter
    - FlutterMacOS
  - VietMap (1.0.14)
  - vietmap_flutter_gl (0.0.2):
    - Flutter
    - VietMap (= 1.0.14)

DEPENDENCIES:
  - device_info_plus (from `.symlinks/plugins/device_info_plus/ios`)
  - Flutter (from `Flutter`)
  - location (from `.symlinks/plugins/location/ios`)
  - path_provider_foundation (from `.symlinks/plugins/path_provider_foundation/ios`)
  - vietmap_flutter_gl (from `.symlinks/plugins/vietmap_flutter_gl/ios`)

SPEC REPOS:
  trunk:
    - VietMap

EXTERNAL SOURCES:
  device_info_plus:
    :path: ".symlinks/plugins/device_info_plus/ios"
  Flutter:
    :path: Flutter
  location:
    :path: ".symlinks/plugins/location/ios"
  path_provider_foundation:
    :path: ".symlinks/plugins/path_provider_foundation/ios"
  vietmap_flutter_gl:
    :path: ".symlinks/plugins/vietmap_flutter_gl/ios"

SPEC CHECKSUMS:
  device_info_plus: e5c5da33f982a436e103237c0c85f9031142abed
  Flutter: f04841e97a9d0b0a8025694d0796dd46242b2854
  location: 14159dff482de87eb2e0c3a9f234eca65ad7decb
  path_provider_foundation: 29f094ae23ebbca9d3d0cec13889cd9060c0e943
  VietMap: ab9386c1e41ba42376d635217bbb0060716441e2
  vietmap_flutter_gl: 44b2d0cad5dcc1acdfae022a55a2cca82d78b25d

PODFILE CHECKSUM: 6c2920de6de7bc7e5e3b4e04d981a85183cbde24

COCOAPODS: 1.12.0
